// !$*UTF8*$!
{
	archiveVersion = 1;
	classes = {
	};
	objectVersion = 50;
	objects = {

/* Begin PBXBuildFile section */
		4C3364E921A02327008ECB29 /* ViewController.swift in Sources */ = {isa = PBXBuildFile; fileRef = 4C3364E821A02327008ECB29 /* ViewController.swift */; };
		4C8D10DA219E47770014CE8A /* AppDelegate.swift in Sources */ = {isa = PBXBuildFile; fileRef = 4C8D10D9219E47770014CE8A /* AppDelegate.swift */; };
		4C8D10DF219E47770014CE8A /* Main.storyboard in Resources */ = {isa = PBXBuildFile; fileRef = 4C8D10DD219E47770014CE8A /* Main.storyboard */; };
		4C8D10E1219E477B0014CE8A /* Assets.xcassets in Resources */ = {isa = PBXBuildFile; fileRef = 4C8D10E0219E477B0014CE8A /* Assets.xcassets */; };
		4C8D10E4219E477B0014CE8A /* LaunchScreen.storyboard in Resources */ = {isa = PBXBuildFile; fileRef = 4C8D10E2219E477B0014CE8A /* LaunchScreen.storyboard */; };
		4C8D10EC219E4B5B0014CE8A /* GoogleService-Info.plist in Resources */ = {isa = PBXBuildFile; fileRef = 4C8D10EB219E4B5B0014CE8A /* GoogleService-Info.plist */; };
		6A81A5EE80E1DA74A296305C /* Pods_FProject.framework in Frameworks */ = {isa = PBXBuildFile; fileRef = B945DF577676D3FC110F10C9 /* Pods_FProject.framework */; };
/* End PBXBuildFile section */

/* Begin PBXFileReference section */
		04149F2BF8256D7D52AE6097 /* Pods-FProject.debug.xcconfig */ = {isa = PBXFileReference; includeInIndex = 1; lastKnownFileType = text.xcconfig; name = "Pods-FProject.debug.xcconfig"; path = "Pods/Target Support Files/Pods-FProject/Pods-FProject.debug.xcconfig"; sourceTree = "<group>"; };
		4C3364E821A02327008ECB29 /* ViewController.swift */ = {isa = PBXFileReference; lastKnownFileType = sourcecode.swift; path = ViewController.swift; sourceTree = "<group>"; };
		4C8D10D6219E47770014CE8A /* FProject.app */ = {isa = PBXFileReference; explicitFileType = wrapper.application; includeInIndex = 0; path = FProject.app; sourceTree = BUILT_PRODUCTS_DIR; };
		4C8D10D9219E47770014CE8A /* AppDelegate.swift */ = {isa = PBXFileReference; lastKnownFileType = sourcecode.swift; path = AppDelegate.swift; sourceTree = "<group>"; };
		4C8D10DE219E47770014CE8A /* Base */ = {isa = PBXFileReference; lastKnownFileType = file.storyboard; name = Base; path = Base.lproj/Main.storyboard; sourceTree = "<group>"; };
		4C8D10E0219E477B0014CE8A /* Assets.xcassets */ = {isa = PBXFileReference; lastKnownFileType = folder.assetcatalog; path = Assets.xcassets; sourceTree = "<group>"; };
		4C8D10E3219E477B0014CE8A /* Base */ = {isa = PBXFileReference; lastKnownFileType = file.storyboard; name = Base; path = Base.lproj/LaunchScreen.storyboard; sourceTree = "<group>"; };
		4C8D10E5219E477B0014CE8A /* Info.plist */ = {isa = PBXFileReference; lastKnownFileType = text.plist.xml; path = Info.plist; sourceTree = "<group>"; };
		4C8D10EB219E4B5B0014CE8A /* GoogleService-Info.plist */ = {isa = PBXFileReference; fileEncoding = 4; lastKnownFileType = text.plist.xml; name = "GoogleService-Info.plist"; path = "../../../Downloads/GoogleService-Info.plist"; sourceTree = "<group>"; };
		9CA79AFA8530006E5DBC9930 /* Pods-FProject.release.xcconfig */ = {isa = PBXFileReference; includeInIndex = 1; lastKnownFileType = text.xcconfig; name = "Pods-FProject.release.xcconfig"; path = "Pods/Target Support Files/Pods-FProject/Pods-FProject.release.xcconfig"; sourceTree = "<group>"; };
		B945DF577676D3FC110F10C9 /* Pods_FProject.framework */ = {isa = PBXFileReference; explicitFileType = wrapper.framework; includeInIndex = 0; path = Pods_FProject.framework; sourceTree = BUILT_PRODUCTS_DIR; };
/* End PBXFileReference section */

/* Begin PBXFrameworksBuildPhase section */
		4C8D10D3219E47770014CE8A /* Frameworks */ = {
			isa = PBXFrameworksBuildPhase;
			buildActionMask = 2147483647;
			files = (
				6A81A5EE80E1DA74A296305C /* Pods_FProject.framework in Frameworks */,
			);
			runOnlyForDeploymentPostprocessing = 0;
		};
/* End PBXFrameworksBuildPhase section */

/* Begin PBXGroup section */
		443D7CDD8AE69BEDE6B832FC /* Frameworks */ = {
			isa = PBXGroup;
			children = (
				B945DF577676D3FC110F10C9 /* Pods_FProject.framework */,
			);
			name = Frameworks;
			sourceTree = "<group>";
		};
		4C8D10CD219E47760014CE8A = {
			isa = PBXGroup;
			children = (
				4C8D10D8219E47770014CE8A /* FProject */,
				4C8D10D7219E47770014CE8A /* Products */,
				685A0D7152BE3E9F4F62CBF6 /* Pods */,
				443D7CDD8AE69BEDE6B832FC /* Frameworks */,
			);
			sourceTree = "<group>";
		};
		4C8D10D7219E47770014CE8A /* Products */ = {
			isa = PBXGroup;
			children = (
				4C8D10D6219E47770014CE8A /* FProject.app */,
			);
			name = Products;
			sourceTree = "<group>";
		};
		4C8D10D8219E47770014CE8A /* FProject */ = {
			isa = PBXGroup;
			children = (
				4C8D10D9219E47770014CE8A /* AppDelegate.swift */,
				4C3364E821A02327008ECB29 /* ViewController.swift */,
				4C8D10DD219E47770014CE8A /* Main.storyboard */,
				4C8D10E0219E477B0014CE8A /* Assets.xcassets */,
				4C8D10E2219E477B0014CE8A /* LaunchScreen.storyboard */,
				4C8D10E5219E477B0014CE8A /* Info.plist */,
				4C8D10EB219E4B5B0014CE8A /* GoogleService-Info.plist */,
			);
			path = FProject;
			sourceTree = "<group>";
		};
		685A0D7152BE3E9F4F62CBF6 /* Pods */ = {
			isa = PBXGroup;
			children = (
				04149F2BF8256D7D52AE6097 /* Pods-FProject.debug.xcconfig */,
				9CA79AFA8530006E5DBC9930 /* Pods-FProject.release.xcconfig */,
			);
			name = Pods;
			sourceTree = "<group>";
		};
/* End PBXGroup section */

/* Begin PBXNativeTarget section */
		4C8D10D5219E47770014CE8A /* FProject */ = {
			isa = PBXNativeTarget;
			buildConfigurationList = 4C8D10E8219E477B0014CE8A /* Build configuration list for PBXNativeTarget "FProject" */;
			buildPhases = (
				A698B5D6B828A51823005407 /* [CP] Check Pods Manifest.lock */,
				4C8D10D2219E47770014CE8A /* Sources */,
				4C8D10D3219E47770014CE8A /* Frameworks */,
				4C8D10D4219E47770014CE8A /* Resources */,
				142F3E7BD423CC94619B70B5 /* [CP] Embed Pods Frameworks */,
			);
			buildRules = (
			);
			dependencies = (
			);
			name = FProject;
			productName = FProject;
			productReference = 4C8D10D6219E47770014CE8A /* FProject.app */;
			productType = "com.apple.product-type.application";
		};
/* End PBXNativeTarget section */

/* Begin PBXProject section */
		4C8D10CE219E47760014CE8A /* Project object */ = {
			isa = PBXProject;
			attributes = {
				LastSwiftUpdateCheck = 1010;
				LastUpgradeCheck = 1010;
				ORGANIZATIONNAME = "Jessica Owusu";
				TargetAttributes = {
					4C8D10D5219E47770014CE8A = {
						CreatedOnToolsVersion = 10.1;
					};
				};
			};
			buildConfigurationList = 4C8D10D1219E47760014CE8A /* Build configuration list for PBXProject "FProject" */;
			compatibilityVersion = "Xcode 9.3";
			developmentRegion = en;
			hasScannedForEncodings = 0;
			knownRegions = (
				en,
				Base,
			);
			mainGroup = 4C8D10CD219E47760014CE8A;
			productRefGroup = 4C8D10D7219E47770014CE8A /* Products */;
			projectDirPath = "";
			projectRoot = "";
			targets = (
				4C8D10D5219E47770014CE8A /* FProject */,
			);
		};
/* End PBXProject section */

/* Begin PBXResourcesBuildPhase section */
		4C8D10D4219E47770014CE8A /* Resources */ = {
			isa = PBXResourcesBuildPhase;
			buildActionMask = 2147483647;
			files = (
				4C8D10E4219E477B0014CE8A /* LaunchScreen.storyboard in Resources */,
				4C8D10EC219E4B5B0014CE8A /* GoogleService-Info.plist in Resources */,
				4C8D10E1219E477B0014CE8A /* Assets.xcassets in Resources */,
				4C8D10DF219E47770014CE8A /* Main.storyboard in Resources */,
			);
			runOnlyForDeploymentPostprocessing = 0;
		};
/* End PBXResourcesBuildPhase section */

/* Begin PBXShellScriptBuildPhase section */
		142F3E7BD423CC94619B70B5 /* [CP] Embed Pods Frameworks */ = {
			isa = PBXShellScriptBuildPhase;
			buildActionMask = 2147483647;
			files = (
			);
			inputFileListPaths = (
			);
			inputPaths = (
				"${SRCROOT}/Pods/Target Support Files/Pods-FProject/Pods-FProject-frameworks.sh",
				"${BUILT_PRODUCTS_DIR}/GTMSessionFetcher/GTMSessionFetcher.framework",
				"${BUILT_PRODUCTS_DIR}/GoogleUtilities/GoogleUtilities.framework",
				"${BUILT_PRODUCTS_DIR}/nanopb/nanopb.framework",
			);
			name = "[CP] Embed Pods Frameworks";
			outputFileListPaths = (
			);
			outputPaths = (
				"${TARGET_BUILD_DIR}/${FRAMEWORKS_FOLDER_PATH}/GTMSessionFetcher.framework",
				"${TARGET_BUILD_DIR}/${FRAMEWORKS_FOLDER_PATH}/GoogleUtilities.framework",
				"${TARGET_BUILD_DIR}/${FRAMEWORKS_FOLDER_PATH}/nanopb.framework",
			);
			runOnlyForDeploymentPostprocessing = 0;
			shellPath = /bin/sh;
			shellScript = "\"${SRCROOT}/Pods/Target Support Files/Pods-FProject/Pods-FProject-frameworks.sh\"\n";
			showEnvVarsInLog = 0;
		};
		A698B5D6B828A51823005407 /* [CP] Check Pods Manifest.lock */ = {
			isa = PBXShellScriptBuildPhase;
			buildActionMask = 2147483647;
			files = (
			);
			inputFileListPaths = (
			);
			inputPaths = (
				"${PODS_PODFILE_DIR_PATH}/Podfile.lock",
				"${PODS_ROOT}/Manifest.lock",
			);
			name = "[CP] Check Pods Manifest.lock";
			outputFileListPaths = (
			);
			outputPaths = (
				"$(DERIVED_FILE_DIR)/Pods-FProject-checkManifestLockResult.txt",
			);
			runOnlyForDeploymentPostprocessing = 0;
			shellPath = /bin/sh;
			shellScript = "diff \"${PODS_PODFILE_DIR_PATH}/Podfile.lock\" \"${PODS_ROOT}/Manifest.lock\" > /dev/null\nif [ $? != 0 ] ; then\n    # print error to STDERR\n    echo \"error: The sandbox is not in sync with the Podfile.lock. Run 'pod install' or update your CocoaPods installation.\" >&2\n    exit 1\nfi\n# This output is used by Xcode 'outputs' to avoid re-running this script phase.\necho \"SUCCESS\" > \"${SCRIPT_OUTPUT_FILE_0}\"\n";
			showEnvVarsInLog = 0;
		};
/* End PBXShellScriptBuildPhase section */

/* Begin PBXSourcesBuildPhase section */
		4C8D10D2219E47770014CE8A /* Sources */ = {
			isa = PBXSourcesBuildPhase;
			buildActionMask = 2147483647;
			files = (
				4C3364E921A02327008ECB29 /* ViewController.swift in Sources */,
				4C8D10DA219E47770014CE8A /* AppDelegate.swift in Sources */,
			);
			runOnlyForDeploymentPostprocessing = 0;
		};
/* End PBXSourcesBuildPhase section */

/* Begin PBXVariantGroup section */
		4C8D10DD219E47770014CE8A /* Main.storyboard */ = {
			isa = PBXVariantGroup;
			children = (
				4C8D10DE219E47770014CE8A /* Base */,
			);
			name = Main.storyboard;
			sourceTree = "<group>";
		};
		4C8D10E2219E477B0014CE8A /* LaunchScreen.storyboard */ = {
			isa = PBXVariantGroup;
			children = (
				4C8D10E3219E477B0014CE8A /* Base */,
			);
			name = LaunchScreen.storyboard;
			sourceTree = "<group>";
		};
/* End PBXVariantGroup section */

/* Begin XCBuildConfiguration section */
		4C8D10E6219E477B0014CE8A /* Debug */ = {
			isa = XCBuildConfiguration;
			buildSettings = {
				ALWAYS_SEARCH_USER_PATHS = NO;
				CLANG_ANALYZER_NONNULL = YES;
				CLANG_ANALYZER_NUMBER_OBJECT_CONVERSION = YES_AGGRESSIVE;
				CLANG_CXX_LANGUAGE_STANDARD = "gnu++14";
				CLANG_CXX_LIBRARY = "libc++";
				CLANG_ENABLE_MODULES = YES;
				CLANG_ENABLE_OBJC_ARC = YES;
				CLANG_ENABLE_OBJC_WEAK = YES;
				CLANG_WARN_BLOCK_CAPTURE_AUTORELEASING = YES;
				CLANG_WARN_BOOL_CONVERSION = YES;
				CLANG_WARN_COMMA = YES;
				CLANG_WARN_CONSTANT_CONVERSION = YES;
				CLANG_WARN_DEPRECATED_OBJC_IMPLEMENTATIONS = YES;
				CLANG_WARN_DIRECT_OBJC_ISA_USAGE = YES_ERROR;
				CLANG_WARN_DOCUMENTATION_COMMENTS = YES;
				CLANG_WARN_EMPTY_BODY = YES;
				CLANG_WARN_ENUM_CONVERSION = YES;
				CLANG_WARN_INFINITE_RECURSION = YES;
				CLANG_WARN_INT_CONVERSION = YES;
				CLANG_WARN_NON_LITERAL_NULL_CONVERSION = YES;
				CLANG_WARN_OBJC_IMPLICIT_RETAIN_SELF = YES;
				CLANG_WARN_OBJC_LITERAL_CONVERSION = YES;
				CLANG_WARN_OBJC_ROOT_CLASS = YES_ERROR;
				CLANG_WARN_RANGE_LOOP_ANALYSIS = YES;
				CLANG_WARN_STRICT_PROTOTYPES = YES;
				CLANG_WARN_SUSPICIOUS_MOVE = YES;
				CLANG_WARN_UNGUARDED_AVAILABILITY = YES_AGGRESSIVE;
				CLANG_WARN_UNREACHABLE_CODE = YES;
				CLANG_WARN__DUPLICATE_METHOD_MATCH = YES;
				CODE_SIGN_IDENTITY = "iPhone Developer";
				COPY_PHASE_STRIP = NO;
				DEBUG_INFORMATION_FORMAT = dwarf;
				ENABLE_STRICT_OBJC_MSGSEND = YES;
				ENABLE_TESTABILITY = YES;
				GCC_C_LANGUAGE_STANDARD = gnu11;
				GCC_DYNAMIC_NO_PIC = NO;
				GCC_NO_COMMON_BLOCKS = YES;
				GCC_OPTIMIZATION_LEVEL = 0;
				GCC_PREPROCESSOR_DEFINITIONS = (
					"DEBUG=1",
					"$(inherited)",
				);
				GCC_WARN_64_TO_32_BIT_CONVERSION = YES;
				GCC_WARN_ABOUT_RETURN_TYPE = YES_ERROR;
				GCC_WARN_UNDECLARED_SELECTOR = YES;
				GCC_WARN_UNINITIALIZED_AUTOS = YES_AGGRESSIVE;
				GCC_WARN_UNUSED_FUNCTION = YES;
				GCC_WARN_UNUSED_VARIABLE = YES;
				IPHONEOS_DEPLOYMENT_TARGET = 12.1;
				MTL_ENABLE_DEBUG_INFO = INCLUDE_SOURCE;
				MTL_FAST_MATH = YES;
				ONLY_ACTIVE_ARCH = YES;
				SDKROOT = iphoneos;
				SWIFT_ACTIVE_COMPILATION_CONDITIONS = DEBUG;
				SWIFT_OPTIMIZATION_LEVEL = "-Onone";
			};
			name = Debug;
		};
		4C8D10E7219E477B0014CE8A /* Release */ = {
			isa = XCBuildConfiguration;
			buildSettings = {
				ALWAYS_SEARCH_USER_PATHS = NO;
				CLANG_ANALYZER_NONNULL = YES;
				CLANG_ANALYZER_NUMBER_OBJECT_CONVERSION = YES_AGGRESSIVE;
				CLANG_CXX_LANGUAGE_STANDARD = "gnu++14";
				CLANG_CXX_LIBRARY = "libc++";
				CLANG_ENABLE_MODULES = YES;
				CLANG_ENABLE_OBJC_ARC = YES;
				CLANG_ENABLE_OBJC_WEAK = YES;
				CLANG_WARN_BLOCK_CAPTURE_AUTORELEASING = YES;
				CLANG_WARN_BOOL_CONVERSION = YES;
				CLANG_WARN_COMMA = YES;
				CLANG_WARN_CONSTANT_CONVERSION = YES;
				CLANG_WARN_DEPRECATED_OBJC_IMPLEMENTATIONS = YES;
				CLANG_WARN_DIRECT_OBJC_ISA_USAGE = YES_ERROR;
				CLANG_WARN_DOCUMENTATION_COMMENTS = YES;
				CLANG_WARN_EMPTY_BODY = YES;
				CLANG_WARN_ENUM_CONVERSION = YES;
				CLANG_WARN_INFINITE_RECURSION = YES;
				CLANG_WARN_INT_CONVERSION = YES;
				CLANG_WARN_NON_LITERAL_NULL_CONVERSION = YES;
				CLANG_WARN_OBJC_IMPLICIT_RETAIN_SELF = YES;
				CLANG_WARN_OBJC_LITERAL_CONVERSION = YES;
				CLANG_WARN_OBJC_ROOT_CLASS = YES_ERROR;
				CLANG_WARN_RANGE_LOOP_ANALYSIS = YES;
				CLANG_WARN_STRICT_PROTOTYPES = YES;
				CLANG_WARN_SUSPICIOUS_MOVE = YES;
				CLANG_WARN_UNGUARDED_AVAILABILITY = YES_AGGRESSIVE;
				CLANG_WARN_UNREACHABLE_CODE = YES;
				CLANG_WARN__DUPLICATE_METHOD_MATCH = YES;
				CODE_SIGN_IDENTITY = "iPhone Developer";
				COPY_PHASE_STRIP = NO;
				DEBUG_INFORMATION_FORMAT = "dwarf-with-dsym";
				ENABLE_NS_ASSERTIONS = NO;
				ENABLE_STRICT_OBJC_MSGSEND = YES;
				GCC_C_LANGUAGE_STANDARD = gnu11;
				GCC_NO_COMMON_BLOCKS = YES;
				GCC_WARN_64_TO_32_BIT_CONVERSION = YES;
				GCC_WARN_ABOUT_RETURN_TYPE = YES_ERROR;
				GCC_WARN_UNDECLARED_SELECTOR = YES;
				GCC_WARN_UNINITIALIZED_AUTOS = YES_AGGRESSIVE;
				GCC_WARN_UNUSED_FUNCTION = YES;
				GCC_WARN_UNUSED_VARIABLE = YES;
				IPHONEOS_DEPLOYMENT_TARGET = 12.1;
				MTL_ENABLE_DEBUG_INFO = NO;
				MTL_FAST_MATH = YES;
				SDKROOT = iphoneos;
				SWIFT_COMPILATION_MODE = wholemodule;
				SWIFT_OPTIMIZATION_LEVEL = "-O";
				VALIDATE_PRODUCT = YES;
			};
			name = Release;
		};
		4C8D10E9219E477B0014CE8A /* Debug */ = {
			isa = XCBuildConfiguration;
			baseConfigurationReference = 04149F2BF8256D7D52AE6097 /* Pods-FProject.debug.xcconfig */;
			buildSettings = {
				ASSETCATALOG_COMPILER_APPICON_NAME = AppIcon;
				CODE_SIGN_STYLE = Automatic;
				DEVELOPMENT_TEAM = AQ6CQRSKHS;
				INFOPLIST_FILE = FProject/Info.plist;
				LD_RUNPATH_SEARCH_PATHS = (
					"$(inherited)",
					"@executable_path/Frameworks",
				);
				PRODUCT_BUNDLE_IDENTIFIER = me.FProject;
				PRODUCT_NAME = "$(TARGET_NAME)";
				SWIFT_VERSION = 4.2;
				TARGETED_DEVICE_FAMILY = "1,2";
			};
			name = Debug;
		};
		4C8D10EA219E477B0014CE8A /* Release */ = {
			isa = XCBuildConfiguration;
			baseConfigurationReference = 9CA79AFA8530006E5DBC9930 /* Pods-FProject.release.xcconfig */;
			buildSettings = {
				ASSETCATALOG_COMPILER_APPICON_NAME = AppIcon;
				CODE_SIGN_STYLE = Automatic;
				DEVELOPMENT_TEAM = AQ6CQRSKHS;
				INFOPLIST_FILE = FProject/Info.plist;
				LD_RUNPATH_SEARCH_PATHS = (
					"$(inherited)",
					"@executable_path/Frameworks",
				);
				PRODUCT_BUNDLE_IDENTIFIER = me.FProject;
				PRODUCT_NAME = "$(TARGET_NAME)";
				SWIFT_VERSION = 4.2;
				TARGETED_DEVICE_FAMILY = "1,2";
			};
			name = Release;
		};
/* End XCBuildConfiguration section */

/* Begin XCConfigurationList section */
		4C8D10D1219E47760014CE8A /* Build configuration list for PBXProject "FProject" */ = {
			isa = XCConfigurationList;
			buildConfigurations = (
				4C8D10E6219E477B0014CE8A /* Debug */,
				4C8D10E7219E477B0014CE8A /* Release */,
			);
			defaultConfigurationIsVisible = 0;
			defaultConfigurationName = Release;
		};
		4C8D10E8219E477B0014CE8A /* Build configuration list for PBXNativeTarget "FProject" */ = {
			isa = XCConfigurationList;
			buildConfigurations = (
				4C8D10E9219E477B0014CE8A /* Debug */,
				4C8D10EA219E477B0014CE8A /* Release */,
			);
			defaultConfigurationIsVisible = 0;
			defaultConfigurationName = Release;
		};
/* End XCConfigurationList section */
	};
	rootObject = 4C8D10CE219E47760014CE8A /* Project object */;
}
